{
  "requires": true,
  "lockfileVersion": 1,
  "dependencies": {
    "uview-ui": {
      "version": "1.6.0",
      "resolved": "https://registry.npmjs.org/uview-ui/-/uview-ui-1.6.0.tgz",
      "integrity": "sha512-bER1ClbVCyP/16kyJ/mBP5M3P4p7lSm6onrY+TGDR6fM0b83ubEOWVd5kuSZAdEQKksAeAGq4qjU6Vdu0SSMDg=="
    },
    "vue": {
      "version": "2.6.11",
      "resolved": "https://registry.npmjs.org/vue/-/vue-2.6.11.tgz",
      "integrity": "sha512-VfPwgcGABbGAue9+sfrD4PuwFar7gPb1yl1UK1MwXoQPAw0BKSqWfoYCT/ThFrdEVWoI51dBuyCoiNU9bZDZxQ=="
    }
  }
}
